{
  "name": "rustzk",
  "lockfileVersion": 3,
  "requires": true,
  "packages": {
    "": {
      "dependencies": {
        "ai-context-os": "^1.7.1"
      }
    },
    "node_modules/ai-context-os": {
      "version": "1.7.1",
      "resolved": "https://registry.npmjs.org/ai-context-os/-/ai-context-os-1.7.1.tgz",
      "integrity": "sha512-QYpc26jL46zolQf81VyIgCFHW4TBJbt3GX2e8M97O069Q6UHLX1UYprffUwo2625wlFRA1R4CVb245BHDmg2/g==",
      "license": "MIT",
      "bin": {
        "ai-context-os": "bin/install.js",
        "ai-context-os-audit": "bin/audit.js"
      }
    }
  }
}
